
Microsoft Visual Studio Solution File, Format Version 12.00
# Visual Studio Version 17
VisualStudioVersion = 17.2.32616.157
MinimumVisualStudioVersion = 10.0.40219.1
Project("{9A19103F-16F7-4668-BE54-9A1E7A4F7556}") = "Tests", "Tests\Tests.csproj", "{8DE30B8B-A85A-415C-8288-BBB580CA4FC9}"
EndProject
Project("{9A19103F-16F7-4668-BE54-9A1E7A4F7556}") = "Solutions", "Solutions\Solutions.csproj", "{16F03F19-7B5D-4A34-A25F-8A7ED7239007}"
EndProject
Global
	GlobalSection(SolutionConfigurationPlatforms) = preSolution
		Debug|Any CPU = Debug|Any CPU
		Release|Any CPU = Release|Any CPU
	EndGlobalSection
	GlobalSection(ProjectConfigurationPlatforms) = postSolution
		{8DE30B8B-A85A-415C-8288-BBB580CA4FC9}.Debug|Any CPU.ActiveCfg = Debug|Any CPU
		{8DE30B8B-A85A-415C-8288-BBB580CA4FC9}.Debug|Any CPU.Build.0 = Debug|Any CPU
		{8DE30B8B-A85A-415C-8288-BBB580CA4FC9}.Release|Any CPU.ActiveCfg = Release|Any CPU
		{8DE30B8B-A85A-415C-8288-BBB580CA4FC9}.Release|Any CPU.Build.0 = Release|Any CPU
		{16F03F19-7B5D-4A34-A25F-8A7ED7239007}.Debug|Any CPU.ActiveCfg = Debug|Any CPU
		{16F03F19-7B5D-4A34-A25F-8A7ED7239007}.Debug|Any CPU.Build.0 = Debug|Any CPU
		{16F03F19-7B5D-4A34-A25F-8A7ED7239007}.Release|Any CPU.ActiveCfg = Release|Any CPU
		{16F03F19-7B5D-4A34-A25F-8A7ED7239007}.Release|Any CPU.Build.0 = Release|Any CPU
	EndGlobalSection
	GlobalSection(SolutionProperties) = preSolution
		HideSolutionNode = FALSE
	EndGlobalSection
	GlobalSection(ExtensibilityGlobals) = postSolution
		SolutionGuid = {FA9A3328-7482-4F31-825D-DD91F3479AD2}
	EndGlobalSection
EndGlobal
